{
  "originHash" : "db79fcc1e89ddda40b63c6b4784113d9a3818a7e51c1cbcb2a074b98d190aa0f",
  "pins" : [
    {
      "identity" : "kmp-nativecoroutines",
      "kind" : "remoteSourceControl",
      "location" : "https://github.com/rickclephas/KMP-NativeCoroutines.git",
      "state" : {
        "revision" : "862d5e10fdfcf3a665e752b41a42f6ad7a4016f3",
        "version" : "1.0.0-ALPHA-48-spm-async"
      }
    },
    {
      "identity" : "kmp-observableviewmodel",
      "kind" : "remoteSourceControl",
      "location" : "https://github.com/rickclephas/KMP-ObservableViewModel",
      "state" : {
        "revision" : "adca37e1bcd80a4e9dc6ee5f5cfd27b81201f8e6",
        "version" : "1.0.0-BETA-14"
      }
    }
  ],
  "version" : 3
}
